
Microsoft Visual Studio Solution File, Format Version 12.00
Project("{FAE04EC0-301F-11D3-BF4B-00C04F79EFBC}") = "AspNetCoreTravis", "AspNetCoreTravis\AspNetCoreTravis.csproj", "{0ADEA20A-F5D0-4A2B-818B-E0E4BA7632B6}"
EndProject
Global
	GlobalSection(SolutionConfigurationPlatforms) = preSolution
		Debug|Any CPU = Debug|Any CPU
		Release|Any CPU = Release|Any CPU
	EndGlobalSection
	GlobalSection(ProjectConfigurationPlatforms) = postSolution
		{0ADEA20A-F5D0-4A2B-818B-E0E4BA7632B6}.Debug|Any CPU.ActiveCfg = Debug|Any CPU
		{0ADEA20A-F5D0-4A2B-818B-E0E4BA7632B6}.Debug|Any CPU.Build.0 = Debug|Any CPU
		{0ADEA20A-F5D0-4A2B-818B-E0E4BA7632B6}.Release|Any CPU.ActiveCfg = Release|Any CPU
		{0ADEA20A-F5D0-4A2B-818B-E0E4BA7632B6}.Release|Any CPU.Build.0 = Release|Any CPU
	EndGlobalSection
EndGlobal
